
Microsoft Visual Studio Solution File, Format Version 12.00
# Visual Studio 2012
Project("{FAE04EC0-301F-11D3-BF4B-00C04F79EFBC}") = "ImageGesture", "ImageGesture\ImageGesture.csproj", "{EE3A6134-FCCD-4287-A32A-D6F8DD05A70A}"
EndProject
Project("{FAE04EC0-301F-11D3-BF4B-00C04F79EFBC}") = "ImageGesture.iOS", "iOS\ImageGesture.iOS.csproj", "{60BCB462-1782-4FB7-9486-B3C029DFADDE}"
EndProject
Project("{FAE04EC0-301F-11D3-BF4B-00C04F79EFBC}") = "ImageGesture.Droid", "Droid\ImageGesture.Droid.csproj", "{3556A312-2571-4E74-9510-D922F0CDD672}"
EndProject
Global
	GlobalSection(SolutionConfigurationPlatforms) = preSolution
		Debug|Any CPU = Debug|Any CPU
		Release|Any CPU = Release|Any CPU
		Debug|iPhoneSimulator = Debug|iPhoneSimulator
		Release|iPhoneSimulator = Release|iPhoneSimulator
		Debug|iPhone = Debug|iPhone
		Release|iPhone = Release|iPhone
		Ad-Hoc|iPhone = Ad-Hoc|iPhone
		AppStore|iPhone = AppStore|iPhone
	EndGlobalSection
	GlobalSection(ProjectConfigurationPlatforms) = postSolution
		{3556A312-2571-4E74-9510-D922F0CDD672}.Ad-Hoc|iPhone.ActiveCfg = Release|Any CPU
		{3556A312-2571-4E74-9510-D922F0CDD672}.Ad-Hoc|iPhone.Build.0 = Release|Any CPU
		{3556A312-2571-4E74-9510-D922F0CDD672}.AppStore|iPhone.ActiveCfg = Release|Any CPU
		{3556A312-2571-4E74-9510-D922F0CDD672}.AppStore|iPhone.Build.0 = Release|Any CPU
		{3556A312-2571-4E74-9510-D922F0CDD672}.Debug|Any CPU.ActiveCfg = Debug|Any CPU
		{3556A312-2571-4E74-9510-D922F0CDD672}.Debug|Any CPU.Build.0 = Debug|Any CPU
		{3556A312-2571-4E74-9510-D922F0CDD672}.Debug|iPhone.ActiveCfg = Debug|Any CPU
		{3556A312-2571-4E74-9510-D922F0CDD672}.Debug|iPhone.Build.0 = Debug|Any CPU
		{3556A312-2571-4E74-9510-D922F0CDD672}.Debug|iPhoneSimulator.ActiveCfg = Debug|Any CPU
		{3556A312-2571-4E74-9510-D922F0CDD672}.Debug|iPhoneSimulator.Build.0 = Debug|Any CPU
		{3556A312-2571-4E74-9510-D922F0CDD672}.Release|Any CPU.ActiveCfg = Release|Any CPU
		{3556A312-2571-4E74-9510-D922F0CDD672}.Release|Any CPU.Build.0 = Release|Any CPU
		{3556A312-2571-4E74-9510-D922F0CDD672}.Release|iPhone.ActiveCfg = Release|Any CPU
		{3556A312-2571-4E74-9510-D922F0CDD672}.Release|iPhone.Build.0 = Release|Any CPU
		{3556A312-2571-4E74-9510-D922F0CDD672}.Release|iPhoneSimulator.ActiveCfg = Release|Any CPU
		{3556A312-2571-4E74-9510-D922F0CDD672}.Release|iPhoneSimulator.Build.0 = Release|Any CPU
		{60BCB462-1782-4FB7-9486-B3C029DFADDE}.Ad-Hoc|iPhone.ActiveCfg = Ad-Hoc|iPhone
		{60BCB462-1782-4FB7-9486-B3C029DFADDE}.Ad-Hoc|iPhone.Build.0 = Ad-Hoc|iPhone
		{60BCB462-1782-4FB7-9486-B3C029DFADDE}.AppStore|iPhone.ActiveCfg = AppStore|iPhone
		{60BCB462-1782-4FB7-9486-B3C029DFADDE}.AppStore|iPhone.Build.0 = AppStore|iPhone
		{60BCB462-1782-4FB7-9486-B3C029DFADDE}.Debug|Any CPU.ActiveCfg = Debug|iPhoneSimulator
		{60BCB462-1782-4FB7-9486-B3C029DFADDE}.Debug|Any CPU.Build.0 = Debug|iPhoneSimulator
		{60BCB462-1782-4FB7-9486-B3C029DFADDE}.Debug|iPhone.ActiveCfg = Debug|iPhone
		{60BCB462-1782-4FB7-9486-B3C029DFADDE}.Debug|iPhone.Build.0 = Debug|iPhone
		{60BCB462-1782-4FB7-9486-B3C029DFADDE}.Debug|iPhoneSimulator.ActiveCfg = Debug|iPhoneSimulator
		{60BCB462-1782-4FB7-9486-B3C029DFADDE}.Debug|iPhoneSimulator.Build.0 = Debug|iPhoneSimulator
		{60BCB462-1782-4FB7-9486-B3C029DFADDE}.Release|Any CPU.ActiveCfg = Release|iPhoneSimulator
		{60BCB462-1782-4FB7-9486-B3C029DFADDE}.Release|Any CPU.Build.0 = Release|iPhoneSimulator
		{60BCB462-1782-4FB7-9486-B3C029DFADDE}.Release|iPhone.ActiveCfg = Release|iPhone
		{60BCB462-1782-4FB7-9486-B3C029DFADDE}.Release|iPhone.Build.0 = Release|iPhone
		{60BCB462-1782-4FB7-9486-B3C029DFADDE}.Release|iPhoneSimulator.ActiveCfg = Release|iPhoneSimulator
		{60BCB462-1782-4FB7-9486-B3C029DFADDE}.Release|iPhoneSimulator.Build.0 = Release|iPhoneSimulator
		{EE3A6134-FCCD-4287-A32A-D6F8DD05A70A}.Ad-Hoc|iPhone.ActiveCfg = Debug|Any CPU
		{EE3A6134-FCCD-4287-A32A-D6F8DD05A70A}.Ad-Hoc|iPhone.Build.0 = Debug|Any CPU
		{EE3A6134-FCCD-4287-A32A-D6F8DD05A70A}.AppStore|iPhone.ActiveCfg = Debug|Any CPU
		{EE3A6134-FCCD-4287-A32A-D6F8DD05A70A}.AppStore|iPhone.Build.0 = Debug|Any CPU
		{EE3A6134-FCCD-4287-A32A-D6F8DD05A70A}.Debug|Any CPU.ActiveCfg = Debug|Any CPU
		{EE3A6134-FCCD-4287-A32A-D6F8DD05A70A}.Debug|Any CPU.Build.0 = Debug|Any CPU
		{EE3A6134-FCCD-4287-A32A-D6F8DD05A70A}.Debug|iPhone.ActiveCfg = Debug|Any CPU
		{EE3A6134-FCCD-4287-A32A-D6F8DD05A70A}.Debug|iPhone.Build.0 = Debug|Any CPU
		{EE3A6134-FCCD-4287-A32A-D6F8DD05A70A}.Debug|iPhoneSimulator.ActiveCfg = Debug|Any CPU
		{EE3A6134-FCCD-4287-A32A-D6F8DD05A70A}.Debug|iPhoneSimulator.Build.0 = Debug|Any CPU
		{EE3A6134-FCCD-4287-A32A-D6F8DD05A70A}.Release|Any CPU.ActiveCfg = Release|Any CPU
		{EE3A6134-FCCD-4287-A32A-D6F8DD05A70A}.Release|Any CPU.Build.0 = Release|Any CPU
		{EE3A6134-FCCD-4287-A32A-D6F8DD05A70A}.Release|iPhone.ActiveCfg = Release|Any CPU
		{EE3A6134-FCCD-4287-A32A-D6F8DD05A70A}.Release|iPhone.Build.0 = Release|Any CPU
		{EE3A6134-FCCD-4287-A32A-D6F8DD05A70A}.Release|iPhoneSimulator.ActiveCfg = Release|Any CPU
		{EE3A6134-FCCD-4287-A32A-D6F8DD05A70A}.Release|iPhoneSimulator.Build.0 = Release|Any CPU
	EndGlobalSection
EndGlobal
